
Microsoft Visual Studio Solution File, Format Version 12.00
# Visual Studio Version 17
VisualStudioVersion = 17.11.35219.272
MinimumVisualStudioVersion = 10.0.40219.1
Project("{FAE04EC0-301F-11D3-BF4B-00C04F79EFBC}") = "selecao", "selecao\selecao.csproj", "{FD813C30-A722-4A90-9E30-F852F904D314}"
EndProject
Global
	GlobalSection(SolutionConfigurationPlatforms) = preSolution
		Debug|Any CPU = Debug|Any CPU
		Release|Any CPU = Release|Any CPU
	EndGlobalSection
	GlobalSection(ProjectConfigurationPlatforms) = postSolution
		{FD813C30-A722-4A90-9E30-F852F904D314}.Debug|Any CPU.ActiveCfg = Debug|Any CPU
		{FD813C30-A722-4A90-9E30-F852F904D314}.Debug|Any CPU.Build.0 = Debug|Any CPU
		{FD813C30-A722-4A90-9E30-F852F904D314}.Release|Any CPU.ActiveCfg = Release|Any CPU
		{FD813C30-A722-4A90-9E30-F852F904D314}.Release|Any CPU.Build.0 = Release|Any CPU
	EndGlobalSection
	GlobalSection(SolutionProperties) = preSolution
		HideSolutionNode = FALSE
	EndGlobalSection
	GlobalSection(ExtensibilityGlobals) = postSolution
		SolutionGuid = {01180C48-2906-492B-A961-B92F2C7A34C6}
	EndGlobalSection
EndGlobal
